
Microsoft Visual Studio Solution File, Format Version 12.00
# Visual Studio Version 17
VisualStudioVersion = 17.4.33122.133
MinimumVisualStudioVersion = 10.0.40219.1
Project("{9A19103F-16F7-4668-BE54-9A1E7A4F7556}") = "Barcosproyecto", "Barcosproyecto\Barcosproyecto.csproj", "{885A7A24-1CFD-4212-BEF9-30990A263FEA}"
EndProject
Project("{9A19103F-16F7-4668-BE54-9A1E7A4F7556}") = "Formularios", "Formularios\Formularios.csproj", "{5808B783-395E-495C-820E-F42A514D1B74}"
EndProject
Project("{9A19103F-16F7-4668-BE54-9A1E7A4F7556}") = "Serializacion", "Serializacion\Serializacion.csproj", "{FDBB3789-650E-41D1-95A1-8D5CAECDC1BB}"
EndProject
Global
	GlobalSection(SolutionConfigurationPlatforms) = preSolution
		Debug|Any CPU = Debug|Any CPU
		Release|Any CPU = Release|Any CPU
	EndGlobalSection
	GlobalSection(ProjectConfigurationPlatforms) = postSolution
		{885A7A24-1CFD-4212-BEF9-30990A263FEA}.Debug|Any CPU.ActiveCfg = Debug|Any CPU
		{885A7A24-1CFD-4212-BEF9-30990A263FEA}.Debug|Any CPU.Build.0 = Debug|Any CPU
		{885A7A24-1CFD-4212-BEF9-30990A263FEA}.Release|Any CPU.ActiveCfg = Release|Any CPU
		{885A7A24-1CFD-4212-BEF9-30990A263FEA}.Release|Any CPU.Build.0 = Release|Any CPU
		{5808B783-395E-495C-820E-F42A514D1B74}.Debug|Any CPU.ActiveCfg = Debug|Any CPU
		{5808B783-395E-495C-820E-F42A514D1B74}.Debug|Any CPU.Build.0 = Debug|Any CPU
		{5808B783-395E-495C-820E-F42A514D1B74}.Release|Any CPU.ActiveCfg = Release|Any CPU
		{5808B783-395E-495C-820E-F42A514D1B74}.Release|Any CPU.Build.0 = Release|Any CPU
		{FDBB3789-650E-41D1-95A1-8D5CAECDC1BB}.Debug|Any CPU.ActiveCfg = Debug|Any CPU
		{FDBB3789-650E-41D1-95A1-8D5CAECDC1BB}.Debug|Any CPU.Build.0 = Debug|Any CPU
		{FDBB3789-650E-41D1-95A1-8D5CAECDC1BB}.Release|Any CPU.ActiveCfg = Release|Any CPU
		{FDBB3789-650E-41D1-95A1-8D5CAECDC1BB}.Release|Any CPU.Build.0 = Release|Any CPU
	EndGlobalSection
	GlobalSection(SolutionProperties) = preSolution
		HideSolutionNode = FALSE
	EndGlobalSection
	GlobalSection(ExtensibilityGlobals) = postSolution
		SolutionGuid = {D645664B-5FAA-4EE3-92F8-D2330B8AFFEE}
	EndGlobalSection
EndGlobal
